// !$*UTF8*$!
{
	archiveVersion = 1;
	classes = {
	};
	objectVersion = 46;
	objects = {

/* Begin PBXBuildFile section */
		3F1465A91BC0D2580000C11D /* VideoViewController.swift in Sources */ = {isa = PBXBuildFile; fileRef = 3F1465A81BC0D2580000C11D /* VideoViewController.swift */; };
		3F4DE0641BEC49F8004E3D9A /* Bookstore.jpg in Resources */ = {isa = PBXBuildFile; fileRef = 3F4DE0631BEC49F8004E3D9A /* Bookstore.jpg */; };
		3F55F2491C053D060041F17C /* FinalViewController.swift in Sources */ = {isa = PBXBuildFile; fileRef = 3F55F2481C053D060041F17C /* FinalViewController.swift */; };
		3F6693FD1BE974FE00FF5D7D /* InfoViewController.swift in Sources */ = {isa = PBXBuildFile; fileRef = 3F6693FC1BE974FE00FF5D7D /* InfoViewController.swift */; };
		3F7BBD8F1AE802D0002B98C0 /* smTourMapViewController.swift in Sources */ = {isa = PBXBuildFile; fileRef = 3F7BBD8E1AE802D0002B98C0 /* smTourMapViewController.swift */; };
		3FA02A601C057C29001793FC /* TourXMLParser.swift in Sources */ = {isa = PBXBuildFile; fileRef = 3FA02A5F1C057C29001793FC /* TourXMLParser.swift */; };
		3FBC65411AE45C4B001FDB58 /* AppDelegate.swift in Sources */ = {isa = PBXBuildFile; fileRef = 3FBC65401AE45C4B001FDB58 /* AppDelegate.swift */; };
		3FBC65431AE45C4B001FDB58 /* ViewController.swift in Sources */ = {isa = PBXBuildFile; fileRef = 3FBC65421AE45C4B001FDB58 /* ViewController.swift */; };
		3FBC65461AE45C4B001FDB58 /* Main.storyboard in Resources */ = {isa = PBXBuildFile; fileRef = 3FBC65441AE45C4B001FDB58 /* Main.storyboard */; };
		3FBC65481AE45C4B001FDB58 /* Images.xcassets in Resources */ = {isa = PBXBuildFile; fileRef = 3FBC65471AE45C4B001FDB58 /* Images.xcassets */; };
		3FBC654B1AE45C4B001FDB58 /* LaunchScreen.xib in Resources */ = {isa = PBXBuildFile; fileRef = 3FBC65491AE45C4B001FDB58 /* LaunchScreen.xib */; };
		3FBC65571AE45C4B001FDB58 /* ASU_Fulton_Engineering_TourTests.swift in Sources */ = {isa = PBXBuildFile; fileRef = 3FBC65561AE45C4B001FDB58 /* ASU_Fulton_Engineering_TourTests.swift */; };
		3FBC65631AE45D8A001FDB58 /* GoogleMaps.framework in Frameworks */ = {isa = PBXBuildFile; fileRef = 3FBC65621AE45D8A001FDB58 /* GoogleMaps.framework */; };
		3FBC656B1AE4788D001FDB58 /* AVFoundation.framework in Frameworks */ = {isa = PBXBuildFile; fileRef = 3FBC65661AE4788D001FDB58 /* AVFoundation.framework */; };
		3FBC656C1AE4788D001FDB58 /* CoreData.framework in Frameworks */ = {isa = PBXBuildFile; fileRef = 3FBC65671AE4788D001FDB58 /* CoreData.framework */; };
		3FBC656D1AE4788D001FDB58 /* CoreFoundation.framework in Frameworks */ = {isa = PBXBuildFile; fileRef = 3FBC65681AE4788D001FDB58 /* CoreFoundation.framework */; };
		3FBC656E1AE4788D001FDB58 /* CoreText.framework in Frameworks */ = {isa = PBXBuildFile; fileRef = 3FBC65691AE4788D001FDB58 /* CoreText.framework */; };
		3FBC656F1AE4788D001FDB58 /* GLKit.framework in Frameworks */ = {isa = PBXBuildFile; fileRef = 3FBC656A1AE4788D001FDB58 /* GLKit.framework */; };
		3FBC65741AE478C7001FDB58 /* ImageIO.framework in Frameworks */ = {isa = PBXBuildFile; fileRef = 3FBC65701AE478C7001FDB58 /* ImageIO.framework */; };
		3FBC65751AE478C7001FDB58 /* libc++.dylib in Frameworks */ = {isa = PBXBuildFile; fileRef = 3FBC65711AE478C7001FDB58 /* libc++.dylib */; };
		3FBC65761AE478C7001FDB58 /* libicucore.dylib in Frameworks */ = {isa = PBXBuildFile; fileRef = 3FBC65721AE478C7001FDB58 /* libicucore.dylib */; };
		3FBC65771AE478C7001FDB58 /* libz.dylib in Frameworks */ = {isa = PBXBuildFile; fileRef = 3FBC65731AE478C7001FDB58 /* libz.dylib */; };
		3FBC657B1AE478E5001FDB58 /* OpenGLES.framework in Frameworks */ = {isa = PBXBuildFile; fileRef = 3FBC65781AE478E5001FDB58 /* OpenGLES.framework */; };
		3FBC657C1AE478E5001FDB58 /* QuartzCore.framework in Frameworks */ = {isa = PBXBuildFile; fileRef = 3FBC65791AE478E5001FDB58 /* QuartzCore.framework */; };
		3FBC657D1AE478E5001FDB58 /* SystemConfiguration.framework in Frameworks */ = {isa = PBXBuildFile; fileRef = 3FBC657A1AE478E5001FDB58 /* SystemConfiguration.framework */; };
		3FBC65881AE4C6B3001FDB58 /* tourMapViewController.swift in Sources */ = {isa = PBXBuildFile; fileRef = 3FBC65871AE4C6B3001FDB58 /* tourMapViewController.swift */; };
		3FE3C7741AE55DAF002F00F5 /* Brickyard-exterior-signage-0217w-cropped.jpg in Resources */ = {isa = PBXBuildFile; fileRef = 3FE3C7721AE55DAF002F00F5 /* Brickyard-exterior-signage-0217w-cropped.jpg */; };
		3FE3C7751AE55DAF002F00F5 /* Brickyard-exterior-signage-0217w.jpg in Resources */ = {isa = PBXBuildFile; fileRef = 3FE3C7731AE55DAF002F00F5 /* Brickyard-exterior-signage-0217w.jpg */; };
		3FE3C7781AE5AE57002F00F5 /* mainMapViewController.swift in Sources */ = {isa = PBXBuildFile; fileRef = 3FE3C7771AE5AE57002F00F5 /* mainMapViewController.swift */; };
		3FF4DE121BC1D671007FC814 /* PicturesViewController.swift in Sources */ = {isa = PBXBuildFile; fileRef = 3FF4DE111BC1D671007FC814 /* PicturesViewController.swift */; };
		3FF4DE631BC20BF8007FC814 /* ECF-2.jpg in Resources */ = {isa = PBXBuildFile; fileRef = 3FF4DE521BC20BF8007FC814 /* ECF-2.jpg */; };
		3FF4DE641BC20BF8007FC814 /* ECF-3.jpg in Resources */ = {isa = PBXBuildFile; fileRef = 3FF4DE531BC20BF8007FC814 /* ECF-3.jpg */; };
		3FF4DE651BC20BF8007FC814 /* ECF-4.jpg in Resources */ = {isa = PBXBuildFile; fileRef = 3FF4DE541BC20BF8007FC814 /* ECF-4.jpg */; };
		3FF4DE661BC20BF8007FC814 /* ECG-2.jpg in Resources */ = {isa = PBXBuildFile; fileRef = 3FF4DE551BC20BF8007FC814 /* ECG-2.jpg */; };
		3FF4DE671BC20BF8007FC814 /* ERC-2.jpg in Resources */ = {isa = PBXBuildFile; fileRef = 3FF4DE561BC20BF8007FC814 /* ERC-2.jpg */; };
		3FF4DE681BC20BF8007FC814 /* ERC-3.jpg in Resources */ = {isa = PBXBuildFile; fileRef = 3FF4DE571BC20BF8007FC814 /* ERC-3.jpg */; };
		3FF4DE691BC20BF8007FC814 /* ISTB1-2.jpg in Resources */ = {isa = PBXBuildFile; fileRef = 3FF4DE581BC20BF8007FC814 /* ISTB1-2.jpg */; };
		3FF4DE6C1BC20BF8007FC814 /* Math Center-2.jpg in Resources */ = {isa = PBXBuildFile; fileRef = 3FF4DE5B1BC20BF8007FC814 /* Math Center-2.jpg */; };
		3FF4DE6D1BC20BF8007FC814 /* NOBLE-2.jpg in Resources */ = {isa = PBXBuildFile; fileRef = 3FF4DE5C1BC20BF8007FC814 /* NOBLE-2.jpg */; };
		3FF4DE6E1BC20BF8007FC814 /* NOBLE-3.jpg in Resources */ = {isa = PBXBuildFile; fileRef = 3FF4DE5D1BC20BF8007FC814 /* NOBLE-3.jpg */; };
		3FF4DE701BC20BF8007FC814 /* PSA-2.jpg in Resources */ = {isa = PBXBuildFile; fileRef = 3FF4DE5F1BC20BF8007FC814 /* PSA-2.jpg */; };
		3FFD9FF61B9F98E40021A1E2 /* GoogleMaps.bundle in Resources */ = {isa = PBXBuildFile; fileRef = 3FFD9FF51B9F98E40021A1E2 /* GoogleMaps.bundle */; };
		B9B0CE231B86DACF00D6FFBD /* ASU.gpx in Resources */ = {isa = PBXBuildFile; fileRef = B9B0CE221B86DACF00D6FFBD /* ASU.gpx */; };
		D503AB1A1B05DCAB000D2E29 /* ASU-fork-1.png in Resources */ = {isa = PBXBuildFile; fileRef = D503AB191B05DCAB000D2E29 /* ASU-fork-1.png */; };
		D503AB1B1B05DCAB000D2E29 /* ASU-fork-1.png in Resources */ = {isa = PBXBuildFile; fileRef = D503AB191B05DCAB000D2E29 /* ASU-fork-1.png */; };
		D503AB1D1B05DCB6000D2E29 /* ASU-fork-2.png in Resources */ = {isa = PBXBuildFile; fileRef = D503AB1C1B05DCB6000D2E29 /* ASU-fork-2.png */; };
		D503AB1E1B05DCB6000D2E29 /* ASU-fork-2.png in Resources */ = {isa = PBXBuildFile; fileRef = D503AB1C1B05DCB6000D2E29 /* ASU-fork-2.png */; };
		D503AB201B065C65000D2E29 /* ECF.jpg in Resources */ = {isa = PBXBuildFile; fileRef = D503AB1F1B065C65000D2E29 /* ECF.jpg */; };
		D503AB211B065C65000D2E29 /* ECF.jpg in Resources */ = {isa = PBXBuildFile; fileRef = D503AB1F1B065C65000D2E29 /* ECF.jpg */; };
		D503AB231B06629E000D2E29 /* PSA.jpg in Resources */ = {isa = PBXBuildFile; fileRef = D503AB221B06629E000D2E29 /* PSA.jpg */; };
		D503AB241B06629E000D2E29 /* PSA.jpg in Resources */ = {isa = PBXBuildFile; fileRef = D503AB221B06629E000D2E29 /* PSA.jpg */; };
		D503AB261B066666000D2E29 /* ERC.jpg in Resources */ = {isa = PBXBuildFile; fileRef = D503AB251B066666000D2E29 /* ERC.jpg */; };
		D503AB271B066666000D2E29 /* ERC.jpg in Resources */ = {isa = PBXBuildFile; fileRef = D503AB251B066666000D2E29 /* ERC.jpg */; };
		D503AB291B0666BA000D2E29 /* NOBLE.jpg in Resources */ = {isa = PBXBuildFile; fileRef = D503AB281B0666BA000D2E29 /* NOBLE.jpg */; };
		D503AB2A1B0666BA000D2E29 /* NOBLE.jpg in Resources */ = {isa = PBXBuildFile; fileRef = D503AB281B0666BA000D2E29 /* NOBLE.jpg */; };
		D503AB2C1B0666ED000D2E29 /* ISTB1.jpg in Resources */ = {isa = PBXBuildFile; fileRef = D503AB2B1B0666ED000D2E29 /* ISTB1.jpg */; };
		D503AB2D1B0666ED000D2E29 /* ISTB1.jpg in Resources */ = {isa = PBXBuildFile; fileRef = D503AB2B1B0666ED000D2E29 /* ISTB1.jpg */; };
		D503AB2F1B066779000D2E29 /* Math Center.jpg in Resources */ = {isa = PBXBuildFile; fileRef = D503AB2E1B066779000D2E29 /* Math Center.jpg */; };
		D503AB301B066779000D2E29 /* Math Center.jpg in Resources */ = {isa = PBXBuildFile; fileRef = D503AB2E1B066779000D2E29 /* Math Center.jpg */; };
		D503AB411B0675C0000D2E29 /* ECG.jpg in Resources */ = {isa = PBXBuildFile; fileRef = D503AB401B0675C0000D2E29 /* ECG.jpg */; };
		D503AB421B0675C0000D2E29 /* ECG.jpg in Resources */ = {isa = PBXBuildFile; fileRef = D503AB401B0675C0000D2E29 /* ECG.jpg */; };
		D58BC9ED1AF31CA700AC6413 /* CoreLocation.framework in Frameworks */ = {isa = PBXBuildFile; fileRef = D58BC9EC1AF31CA700AC6413 /* CoreLocation.framework */; };
		D5F9D2E21AF498F1001325E7 /* tourTest.gpx in Resources */ = {isa = PBXBuildFile; fileRef = D5F9D2E11AF498F1001325E7 /* tourTest.gpx */; };
		D5F9D2E31AF498F1001325E7 /* tourTest.gpx in Resources */ = {isa = PBXBuildFile; fileRef = D5F9D2E11AF498F1001325E7 /* tourTest.gpx */; };
		D5F9D2E81B00A1C7001325E7 /* tourPoints.swift in Sources */ = {isa = PBXBuildFile; fileRef = D5F9D2E71B00A1C7001325E7 /* tourPoints.swift */; };
		D5F9D2E91B00A1C7001325E7 /* tourPoints.swift in Sources */ = {isa = PBXBuildFile; fileRef = D5F9D2E71B00A1C7001325E7 /* tourPoints.swift */; };
		D5F9D3121B025A69001325E7 /* ASUTourPoints.json in Resources */ = {isa = PBXBuildFile; fileRef = D5F9D3111B025A69001325E7 /* ASUTourPoints.json */; };
		D5F9D3131B025A69001325E7 /* ASUTourPoints.json in Resources */ = {isa = PBXBuildFile; fileRef = D5F9D3111B025A69001325E7 /* ASUTourPoints.json */; };
/* End PBXBuildFile section */

/* Begin PBXContainerItemProxy section */
		3FBC65511AE45C4B001FDB58 /* PBXContainerItemProxy */ = {
			isa = PBXContainerItemProxy;
			containerPortal = 3FBC65331AE45C4B001FDB58 /* Project object */;
			proxyType = 1;
			remoteGlobalIDString = 3FBC653A1AE45C4B001FDB58;
			remoteInfo = "ASU Fulton Engineering Tour";
		};
/* End PBXContainerItemProxy section */

/* Begin PBXFileReference section */
		3F1465A81BC0D2580000C11D /* VideoViewController.swift */ = {isa = PBXFileReference; fileEncoding = 4; lastKnownFileType = sourcecode.swift; path = VideoViewController.swift; sourceTree = "<group>"; };
		3F4DE0631BEC49F8004E3D9A /* Bookstore.jpg */ = {isa = PBXFileReference; lastKnownFileType = image.jpeg; path = Bookstore.jpg; sourceTree = "<group>"; };
		3F55F2481C053D060041F17C /* FinalViewController.swift */ = {isa = PBXFileReference; fileEncoding = 4; lastKnownFileType = sourcecode.swift; path = FinalViewController.swift; sourceTree = "<group>"; };
		3F6693FC1BE974FE00FF5D7D /* InfoViewController.swift */ = {isa = PBXFileReference; fileEncoding = 4; lastKnownFileType = sourcecode.swift; path = InfoViewController.swift; sourceTree = "<group>"; };
		3F7BBD8E1AE802D0002B98C0 /* smTourMapViewController.swift */ = {isa = PBXFileReference; fileEncoding = 4; lastKnownFileType = sourcecode.swift; path = smTourMapViewController.swift; sourceTree = "<group>"; };
		3FA02A5F1C057C29001793FC /* TourXMLParser.swift */ = {isa = PBXFileReference; fileEncoding = 4; lastKnownFileType = sourcecode.swift; path = TourXMLParser.swift; sourceTree = "<group>"; };
		3FBC653B1AE45C4B001FDB58 /* ASU Fulton Engineering Tour.app */ = {isa = PBXFileReference; explicitFileType = wrapper.application; includeInIndex = 0; path = "ASU Fulton Engineering Tour.app"; sourceTree = BUILT_PRODUCTS_DIR; };
		3FBC653F1AE45C4B001FDB58 /* Info.plist */ = {isa = PBXFileReference; lastKnownFileType = text.plist.xml; path = Info.plist; sourceTree = "<group>"; };
		3FBC65401AE45C4B001FDB58 /* AppDelegate.swift */ = {isa = PBXFileReference; lastKnownFileType = sourcecode.swift; path = AppDelegate.swift; sourceTree = "<group>"; };
		3FBC65421AE45C4B001FDB58 /* ViewController.swift */ = {isa = PBXFileReference; lastKnownFileType = sourcecode.swift; path = ViewController.swift; sourceTree = "<group>"; };
		3FBC65451AE45C4B001FDB58 /* Base */ = {isa = PBXFileReference; lastKnownFileType = file.storyboard; name = Base; path = Base.lproj/Main.storyboard; sourceTree = "<group>"; };
		3FBC65471AE45C4B001FDB58 /* Images.xcassets */ = {isa = PBXFileReference; lastKnownFileType = folder.assetcatalog; path = Images.xcassets; sourceTree = "<group>"; };
		3FBC654A1AE45C4B001FDB58 /* Base */ = {isa = PBXFileReference; lastKnownFileType = file.xib; name = Base; path = Base.lproj/LaunchScreen.xib; sourceTree = "<group>"; };
		3FBC65501AE45C4B001FDB58 /* ASU Fulton Engineering TourTests.xctest */ = {isa = PBXFileReference; explicitFileType = wrapper.cfbundle; includeInIndex = 0; path = "ASU Fulton Engineering TourTests.xctest"; sourceTree = BUILT_PRODUCTS_DIR; };
		3FBC65551AE45C4B001FDB58 /* Info.plist */ = {isa = PBXFileReference; lastKnownFileType = text.plist.xml; path = Info.plist; sourceTree = "<group>"; };
		3FBC65561AE45C4B001FDB58 /* ASU_Fulton_Engineering_TourTests.swift */ = {isa = PBXFileReference; lastKnownFileType = sourcecode.swift; path = ASU_Fulton_Engineering_TourTests.swift; sourceTree = "<group>"; };
		3FBC65621AE45D8A001FDB58 /* GoogleMaps.framework */ = {isa = PBXFileReference; lastKnownFileType = wrapper.framework; path = GoogleMaps.framework; sourceTree = "<group>"; };
		3FBC65661AE4788D001FDB58 /* AVFoundation.framework */ = {isa = PBXFileReference; lastKnownFileType = wrapper.framework; name = AVFoundation.framework; path = System/Library/Frameworks/AVFoundation.framework; sourceTree = SDKROOT; };
		3FBC65671AE4788D001FDB58 /* CoreData.framework */ = {isa = PBXFileReference; lastKnownFileType = wrapper.framework; name = CoreData.framework; path = System/Library/Frameworks/CoreData.framework; sourceTree = SDKROOT; };
		3FBC65681AE4788D001FDB58 /* CoreFoundation.framework */ = {isa = PBXFileReference; lastKnownFileType = wrapper.framework; name = CoreFoundation.framework; path = System/Library/Frameworks/CoreFoundation.framework; sourceTree = SDKROOT; };
		3FBC65691AE4788D001FDB58 /* CoreText.framework */ = {isa = PBXFileReference; lastKnownFileType = wrapper.framework; name = CoreText.framework; path = System/Library/Frameworks/CoreText.framework; sourceTree = SDKROOT; };
		3FBC656A1AE4788D001FDB58 /* GLKit.framework */ = {isa = PBXFileReference; lastKnownFileType = wrapper.framework; name = GLKit.framework; path = System/Library/Frameworks/GLKit.framework; sourceTree = SDKROOT; };
		3FBC65701AE478C7001FDB58 /* ImageIO.framework */ = {isa = PBXFileReference; lastKnownFileType = wrapper.framework; name = ImageIO.framework; path = System/Library/Frameworks/ImageIO.framework; sourceTree = SDKROOT; };
		3FBC65711AE478C7001FDB58 /* libc++.dylib */ = {isa = PBXFileReference; lastKnownFileType = "compiled.mach-o.dylib"; name = "libc++.dylib"; path = "usr/lib/libc++.dylib"; sourceTree = SDKROOT; };
		3FBC65721AE478C7001FDB58 /* libicucore.dylib */ = {isa = PBXFileReference; lastKnownFileType = "compiled.mach-o.dylib"; name = libicucore.dylib; path = usr/lib/libicucore.dylib; sourceTree = SDKROOT; };
		3FBC65731AE478C7001FDB58 /* libz.dylib */ = {isa = PBXFileReference; lastKnownFileType = "compiled.mach-o.dylib"; name = libz.dylib; path = usr/lib/libz.dylib; sourceTree = SDKROOT; };
		3FBC65781AE478E5001FDB58 /* OpenGLES.framework */ = {isa = PBXFileReference; lastKnownFileType = wrapper.framework; name = OpenGLES.framework; path = System/Library/Frameworks/OpenGLES.framework; sourceTree = SDKROOT; };
		3FBC65791AE478E5001FDB58 /* QuartzCore.framework */ = {isa = PBXFileReference; lastKnownFileType = wrapper.framework; name = QuartzCore.framework; path = System/Library/Frameworks/QuartzCore.framework; sourceTree = SDKROOT; };
		3FBC657A1AE478E5001FDB58 /* SystemConfiguration.framework */ = {isa = PBXFileReference; lastKnownFileType = wrapper.framework; name = SystemConfiguration.framework; path = System/Library/Frameworks/SystemConfiguration.framework; sourceTree = SDKROOT; };
		3FBC65871AE4C6B3001FDB58 /* tourMapViewController.swift */ = {isa = PBXFileReference; fileEncoding = 4; lastKnownFileType = sourcecode.swift; name = tourMapViewController.swift; path = ../tourMapViewController.swift; sourceTree = "<group>"; };
		3FE3C7721AE55DAF002F00F5 /* Brickyard-exterior-signage-0217w-cropped.jpg */ = {isa = PBXFileReference; lastKnownFileType = image.jpeg; path = "Brickyard-exterior-signage-0217w-cropped.jpg"; sourceTree = "<group>"; };
		3FE3C7731AE55DAF002F00F5 /* Brickyard-exterior-signage-0217w.jpg */ = {isa = PBXFileReference; lastKnownFileType = image.jpeg; path = "Brickyard-exterior-signage-0217w.jpg"; sourceTree = "<group>"; };
		3FE3C7761AE55E2A002F00F5 /* ASU Fulton Engineering Tour-Bridging-Header.h */ = {isa = PBXFileReference; lastKnownFileType = sourcecode.c.h; path = "ASU Fulton Engineering Tour-Bridging-Header.h"; sourceTree = "<group>"; };
		3FE3C7771AE5AE57002F00F5 /* mainMapViewController.swift */ = {isa = PBXFileReference; fileEncoding = 4; lastKnownFileType = sourcecode.swift; path = mainMapViewController.swift; sourceTree = "<group>"; };
		3FF4DE111BC1D671007FC814 /* PicturesViewController.swift */ = {isa = PBXFileReference; fileEncoding = 4; lastKnownFileType = sourcecode.swift; path = PicturesViewController.swift; sourceTree = "<group>"; };
		3FF4DE521BC20BF8007FC814 /* ECF-2.jpg */ = {isa = PBXFileReference; lastKnownFileType = image.jpeg; path = "ECF-2.jpg"; sourceTree = "<group>"; };
		3FF4DE531BC20BF8007FC814 /* ECF-3.jpg */ = {isa = PBXFileReference; lastKnownFileType = image.jpeg; path = "ECF-3.jpg"; sourceTree = "<group>"; };
		3FF4DE541BC20BF8007FC814 /* ECF-4.jpg */ = {isa = PBXFileReference; lastKnownFileType = image.jpeg; path = "ECF-4.jpg"; sourceTree = "<group>"; };
		3FF4DE551BC20BF8007FC814 /* ECG-2.jpg */ = {isa = PBXFileReference; lastKnownFileType = image.jpeg; path = "ECG-2.jpg"; sourceTree = "<group>"; };
		3FF4DE561BC20BF8007FC814 /* ERC-2.jpg */ = {isa = PBXFileReference; lastKnownFileType = image.jpeg; path = "ERC-2.jpg"; sourceTree = "<group>"; };
		3FF4DE571BC20BF8007FC814 /* ERC-3.jpg */ = {isa = PBXFileReference; lastKnownFileType = image.jpeg; path = "ERC-3.jpg"; sourceTree = "<group>"; };
		3FF4DE581BC20BF8007FC814 /* ISTB1-2.jpg */ = {isa = PBXFileReference; lastKnownFileType = image.jpeg; path = "ISTB1-2.jpg"; sourceTree = "<group>"; };
		3FF4DE5B1BC20BF8007FC814 /* Math Center-2.jpg */ = {isa = PBXFileReference; lastKnownFileType = image.jpeg; path = "Math Center-2.jpg"; sourceTree = "<group>"; };
		3FF4DE5C1BC20BF8007FC814 /* NOBLE-2.jpg */ = {isa = PBXFileReference; lastKnownFileType = image.jpeg; path = "NOBLE-2.jpg"; sourceTree = "<group>"; };
		3FF4DE5D1BC20BF8007FC814 /* NOBLE-3.jpg */ = {isa = PBXFileReference; lastKnownFileType = image.jpeg; path = "NOBLE-3.jpg"; sourceTree = "<group>"; };
		3FF4DE5F1BC20BF8007FC814 /* PSA-2.jpg */ = {isa = PBXFileReference; lastKnownFileType = image.jpeg; path = "PSA-2.jpg"; sourceTree = "<group>"; };
		3FFD9FF51B9F98E40021A1E2 /* GoogleMaps.bundle */ = {isa = PBXFileReference; lastKnownFileType = "wrapper.plug-in"; name = GoogleMaps.bundle; path = GoogleMaps.framework/Versions/A/Resources/GoogleMaps.bundle; sourceTree = "<group>"; };
		B9B0CE221B86DACF00D6FFBD /* ASU.gpx */ = {isa = PBXFileReference; fileEncoding = 4; lastKnownFileType = text; path = ASU.gpx; sourceTree = "<group>"; };
		D503AB191B05DCAB000D2E29 /* ASU-fork-1.png */ = {isa = PBXFileReference; lastKnownFileType = image.png; path = "ASU-fork-1.png"; sourceTree = "<group>"; };
		D503AB1C1B05DCB6000D2E29 /* ASU-fork-2.png */ = {isa = PBXFileReference; lastKnownFileType = image.png; path = "ASU-fork-2.png"; sourceTree = "<group>"; };
		D503AB1F1B065C65000D2E29 /* ECF.jpg */ = {isa = PBXFileReference; lastKnownFileType = image.jpeg; path = ECF.jpg; sourceTree = "<group>"; };
		D503AB221B06629E000D2E29 /* PSA.jpg */ = {isa = PBXFileReference; lastKnownFileType = image.jpeg; path = PSA.jpg; sourceTree = "<group>"; };
		D503AB251B066666000D2E29 /* ERC.jpg */ = {isa = PBXFileReference; lastKnownFileType = image.jpeg; path = ERC.jpg; sourceTree = "<group>"; };
		D503AB281B0666BA000D2E29 /* NOBLE.jpg */ = {isa = PBXFileReference; lastKnownFileType = image.jpeg; path = NOBLE.jpg; sourceTree = "<group>"; };
		D503AB2B1B0666ED000D2E29 /* ISTB1.jpg */ = {isa = PBXFileReference; lastKnownFileType = image.jpeg; path = ISTB1.jpg; sourceTree = "<group>"; };
		D503AB2E1B066779000D2E29 /* Math Center.jpg */ = {isa = PBXFileReference; lastKnownFileType = image.jpeg; path = "Math Center.jpg"; sourceTree = "<group>"; };
		D503AB401B0675C0000D2E29 /* ECG.jpg */ = {isa = PBXFileReference; lastKnownFileType = image.jpeg; path = ECG.jpg; sourceTree = "<group>"; };
		D58BC9EC1AF31CA700AC6413 /* CoreLocation.framework */ = {isa = PBXFileReference; lastKnownFileType = wrapper.framework; name = CoreLocation.framework; path = System/Library/Frameworks/CoreLocation.framework; sourceTree = SDKROOT; };
		D5F9D2E11AF498F1001325E7 /* tourTest.gpx */ = {isa = PBXFileReference; fileEncoding = 4; lastKnownFileType = text.xml; path = tourTest.gpx; sourceTree = "<group>"; };
		D5F9D2E71B00A1C7001325E7 /* tourPoints.swift */ = {isa = PBXFileReference; fileEncoding = 4; lastKnownFileType = sourcecode.swift; path = tourPoints.swift; sourceTree = "<group>"; };
		D5F9D3111B025A69001325E7 /* ASUTourPoints.json */ = {isa = PBXFileReference; fileEncoding = 4; lastKnownFileType = text.json; path = ASUTourPoints.json; sourceTree = "<group>"; };
/* End PBXFileReference section */

/* Begin PBXFrameworksBuildPhase section */
		3FBC65381AE45C4B001FDB58 /* Frameworks */ = {
			isa = PBXFrameworksBuildPhase;
			buildActionMask = 2147483647;
			files = (
				D58BC9ED1AF31CA700AC6413 /* CoreLocation.framework in Frameworks */,
				3FBC657B1AE478E5001FDB58 /* OpenGLES.framework in Frameworks */,
				3FBC657C1AE478E5001FDB58 /* QuartzCore.framework in Frameworks */,
				3FBC657D1AE478E5001FDB58 /* SystemConfiguration.framework in Frameworks */,
				3FBC65741AE478C7001FDB58 /* ImageIO.framework in Frameworks */,
				3FBC65751AE478C7001FDB58 /* libc++.dylib in Frameworks */,
				3FBC65761AE478C7001FDB58 /* libicucore.dylib in Frameworks */,
				3FBC65771AE478C7001FDB58 /* libz.dylib in Frameworks */,
				3FBC656B1AE4788D001FDB58 /* AVFoundation.framework in Frameworks */,
				3FBC656C1AE4788D001FDB58 /* CoreData.framework in Frameworks */,
				3FBC656D1AE4788D001FDB58 /* CoreFoundation.framework in Frameworks */,
				3FBC656E1AE4788D001FDB58 /* CoreText.framework in Frameworks */,
				3FBC656F1AE4788D001FDB58 /* GLKit.framework in Frameworks */,
				3FBC65631AE45D8A001FDB58 /* GoogleMaps.framework in Frameworks */,
			);
			runOnlyForDeploymentPostprocessing = 0;
		};
		3FBC654D1AE45C4B001FDB58 /* Frameworks */ = {
			isa = PBXFrameworksBuildPhase;
			buildActionMask = 2147483647;
			files = (
			);
			runOnlyForDeploymentPostprocessing = 0;
		};
/* End PBXFrameworksBuildPhase section */

/* Begin PBXGroup section */
		3FBC65321AE45C4B001FDB58 = {
			isa = PBXGroup;
			children = (
				B9B0CE221B86DACF00D6FFBD /* ASU.gpx */,
				D5F9D2E11AF498F1001325E7 /* tourTest.gpx */,
				3FBC65611AE45D53001FDB58 /* Frameworks */,
				3FBC653D1AE45C4B001FDB58 /* ASU Fulton Engineering Tour */,
				3FBC65531AE45C4B001FDB58 /* ASU Fulton Engineering TourTests */,
				3FBC653C1AE45C4B001FDB58 /* Products */,
			);
			sourceTree = "<group>";
		};
		3FBC653C1AE45C4B001FDB58 /* Products */ = {
			isa = PBXGroup;
			children = (
				3FBC653B1AE45C4B001FDB58 /* ASU Fulton Engineering Tour.app */,
				3FBC65501AE45C4B001FDB58 /* ASU Fulton Engineering TourTests.xctest */,
			);
			name = Products;
			sourceTree = "<group>";
		};
		3FBC653D1AE45C4B001FDB58 /* ASU Fulton Engineering Tour */ = {
			isa = PBXGroup;
			children = (
				3FA02A5F1C057C29001793FC /* TourXMLParser.swift */,
				3FE3C7761AE55E2A002F00F5 /* ASU Fulton Engineering Tour-Bridging-Header.h */,
				3FBC65871AE4C6B3001FDB58 /* tourMapViewController.swift */,
				3FBC65401AE45C4B001FDB58 /* AppDelegate.swift */,
				3FBC65421AE45C4B001FDB58 /* ViewController.swift */,
				3FBC65441AE45C4B001FDB58 /* Main.storyboard */,
				3F6693FC1BE974FE00FF5D7D /* InfoViewController.swift */,
				3FF4DE111BC1D671007FC814 /* PicturesViewController.swift */,
				3F1465A81BC0D2580000C11D /* VideoViewController.swift */,
				3F55F2481C053D060041F17C /* FinalViewController.swift */,
				D5F9D2E71B00A1C7001325E7 /* tourPoints.swift */,
				3FBC65471AE45C4B001FDB58 /* Images.xcassets */,
				3FBC65491AE45C4B001FDB58 /* LaunchScreen.xib */,
				3FBC653E1AE45C4B001FDB58 /* Supporting Files */,
				3FE3C7771AE5AE57002F00F5 /* mainMapViewController.swift */,
				3F7BBD8E1AE802D0002B98C0 /* smTourMapViewController.swift */,
			);
			path = "ASU Fulton Engineering Tour";
			sourceTree = "<group>";
		};
		3FBC653E1AE45C4B001FDB58 /* Supporting Files */ = {
			isa = PBXGroup;
			children = (
				3F4DE0631BEC49F8004E3D9A /* Bookstore.jpg */,
				D503AB1F1B065C65000D2E29 /* ECF.jpg */,
				3FF4DE521BC20BF8007FC814 /* ECF-2.jpg */,
				3FF4DE531BC20BF8007FC814 /* ECF-3.jpg */,
				3FF4DE541BC20BF8007FC814 /* ECF-4.jpg */,
				D503AB401B0675C0000D2E29 /* ECG.jpg */,
				3FF4DE551BC20BF8007FC814 /* ECG-2.jpg */,
				D503AB251B066666000D2E29 /* ERC.jpg */,
				3FF4DE561BC20BF8007FC814 /* ERC-2.jpg */,
				3FF4DE571BC20BF8007FC814 /* ERC-3.jpg */,
				D503AB2B1B0666ED000D2E29 /* ISTB1.jpg */,
				3FF4DE581BC20BF8007FC814 /* ISTB1-2.jpg */,
				D503AB2E1B066779000D2E29 /* Math Center.jpg */,
				3FF4DE5B1BC20BF8007FC814 /* Math Center-2.jpg */,
				D503AB281B0666BA000D2E29 /* NOBLE.jpg */,
				3FF4DE5C1BC20BF8007FC814 /* NOBLE-2.jpg */,
				3FF4DE5D1BC20BF8007FC814 /* NOBLE-3.jpg */,
				D503AB221B06629E000D2E29 /* PSA.jpg */,
				3FF4DE5F1BC20BF8007FC814 /* PSA-2.jpg */,
				D503AB1C1B05DCB6000D2E29 /* ASU-fork-2.png */,
				D503AB191B05DCAB000D2E29 /* ASU-fork-1.png */,
				D5F9D3111B025A69001325E7 /* ASUTourPoints.json */,
				3FE3C7721AE55DAF002F00F5 /* Brickyard-exterior-signage-0217w-cropped.jpg */,
				3FE3C7731AE55DAF002F00F5 /* Brickyard-exterior-signage-0217w.jpg */,
				3FBC653F1AE45C4B001FDB58 /* Info.plist */,
			);
			name = "Supporting Files";
			sourceTree = "<group>";
		};
		3FBC65531AE45C4B001FDB58 /* ASU Fulton Engineering TourTests */ = {
			isa = PBXGroup;
			children = (
				3FBC65561AE45C4B001FDB58 /* ASU_Fulton_Engineering_TourTests.swift */,
				3FBC65541AE45C4B001FDB58 /* Supporting Files */,
			);
			path = "ASU Fulton Engineering TourTests";
			sourceTree = "<group>";
		};
		3FBC65541AE45C4B001FDB58 /* Supporting Files */ = {
			isa = PBXGroup;
			children = (
				3FBC65551AE45C4B001FDB58 /* Info.plist */,
			);
			name = "Supporting Files";
			sourceTree = "<group>";
		};
		3FBC65611AE45D53001FDB58 /* Frameworks */ = {
			isa = PBXGroup;
			children = (
				D58BC9EC1AF31CA700AC6413 /* CoreLocation.framework */,
				3FBC65781AE478E5001FDB58 /* OpenGLES.framework */,
				3FBC65791AE478E5001FDB58 /* QuartzCore.framework */,
				3FBC657A1AE478E5001FDB58 /* SystemConfiguration.framework */,
				3FBC65701AE478C7001FDB58 /* ImageIO.framework */,
				3FBC65711AE478C7001FDB58 /* libc++.dylib */,
				3FBC65721AE478C7001FDB58 /* libicucore.dylib */,
				3FBC65731AE478C7001FDB58 /* libz.dylib */,
				3FBC65661AE4788D001FDB58 /* AVFoundation.framework */,
				3FBC65671AE4788D001FDB58 /* CoreData.framework */,
				3FBC65681AE4788D001FDB58 /* CoreFoundation.framework */,
				3FBC65691AE4788D001FDB58 /* CoreText.framework */,
				3FBC656A1AE4788D001FDB58 /* GLKit.framework */,
				3FFD9FF51B9F98E40021A1E2 /* GoogleMaps.bundle */,
				3FBC65621AE45D8A001FDB58 /* GoogleMaps.framework */,
			);
			name = Frameworks;
			sourceTree = "<group>";
		};
/* End PBXGroup section */

/* Begin PBXNativeTarget section */
		3FBC653A1AE45C4B001FDB58 /* ASU Fulton Engineering Tour */ = {
			isa = PBXNativeTarget;
			buildConfigurationList = 3FBC655A1AE45C4B001FDB58 /* Build configuration list for PBXNativeTarget "ASU Fulton Engineering Tour" */;
			buildPhases = (
				3FBC65371AE45C4B001FDB58 /* Sources */,
				3FBC65381AE45C4B001FDB58 /* Frameworks */,
				3FBC65391AE45C4B001FDB58 /* Resources */,
			);
			buildRules = (
			);
			dependencies = (
			);
			name = "ASU Fulton Engineering Tour";
			productName = "ASU Fulton Engineering Tour";
			productReference = 3FBC653B1AE45C4B001FDB58 /* ASU Fulton Engineering Tour.app */;
			productType = "com.apple.product-type.application";
		};
		3FBC654F1AE45C4B001FDB58 /* ASU Fulton Engineering TourTests */ = {
			isa = PBXNativeTarget;
			buildConfigurationList = 3FBC655D1AE45C4B001FDB58 /* Build configuration list for PBXNativeTarget "ASU Fulton Engineering TourTests" */;
			buildPhases = (
				3FBC654C1AE45C4B001FDB58 /* Sources */,
				3FBC654D1AE45C4B001FDB58 /* Frameworks */,
				3FBC654E1AE45C4B001FDB58 /* Resources */,
			);
			buildRules = (
			);
			dependencies = (
				3FBC65521AE45C4B001FDB58 /* PBXTargetDependency */,
			);
			name = "ASU Fulton Engineering TourTests";
			productName = "ASU Fulton Engineering TourTests";
			productReference = 3FBC65501AE45C4B001FDB58 /* ASU Fulton Engineering TourTests.xctest */;
			productType = "com.apple.product-type.bundle.unit-test";
		};
/* End PBXNativeTarget section */

/* Begin PBXProject section */
		3FBC65331AE45C4B001FDB58 /* Project object */ = {
			isa = PBXProject;
			attributes = {
				LastUpgradeCheck = 0610;
				ORGANIZATIONNAME = Germano;
				TargetAttributes = {
					3FBC653A1AE45C4B001FDB58 = {
						CreatedOnToolsVersion = 6.1.1;
						DevelopmentTeam = BWSLUFSJRA;
					};
					3FBC654F1AE45C4B001FDB58 = {
						CreatedOnToolsVersion = 6.1.1;
						TestTargetID = 3FBC653A1AE45C4B001FDB58;
					};
				};
			};
			buildConfigurationList = 3FBC65361AE45C4B001FDB58 /* Build configuration list for PBXProject "ASU Fulton Engineering Tour" */;
			compatibilityVersion = "Xcode 3.2";
			developmentRegion = English;
			hasScannedForEncodings = 0;
			knownRegions = (
				en,
				Base,
			);
			mainGroup = 3FBC65321AE45C4B001FDB58;
			productRefGroup = 3FBC653C1AE45C4B001FDB58 /* Products */;
			projectDirPath = "";
			projectRoot = "";
			targets = (
				3FBC653A1AE45C4B001FDB58 /* ASU Fulton Engineering Tour */,
				3FBC654F1AE45C4B001FDB58 /* ASU Fulton Engineering TourTests */,
			);
		};
/* End PBXProject section */

/* Begin PBXResourcesBuildPhase section */
		3FBC65391AE45C4B001FDB58 /* Resources */ = {
			isa = PBXResourcesBuildPhase;
			buildActionMask = 2147483647;
			files = (
				3FBC65461AE45C4B001FDB58 /* Main.storyboard in Resources */,
				D503AB2C1B0666ED000D2E29 /* ISTB1.jpg in Resources */,
				3FBC654B1AE45C4B001FDB58 /* LaunchScreen.xib in Resources */,
				D503AB1D1B05DCB6000D2E29 /* ASU-fork-2.png in Resources */,
				B9B0CE231B86DACF00D6FFBD /* ASU.gpx in Resources */,
				3FF4DE681BC20BF8007FC814 /* ERC-3.jpg in Resources */,
				D5F9D3121B025A69001325E7 /* ASUTourPoints.json in Resources */,
				3FBC65481AE45C4B001FDB58 /* Images.xcassets in Resources */,
				3FF4DE651BC20BF8007FC814 /* ECF-4.jpg in Resources */,
				3FF4DE661BC20BF8007FC814 /* ECG-2.jpg in Resources */,
				D503AB411B0675C0000D2E29 /* ECG.jpg in Resources */,
				3FF4DE671BC20BF8007FC814 /* ERC-2.jpg in Resources */,
				3FF4DE701BC20BF8007FC814 /* PSA-2.jpg in Resources */,
				D503AB1A1B05DCAB000D2E29 /* ASU-fork-1.png in Resources */,
				3FF4DE6C1BC20BF8007FC814 /* Math Center-2.jpg in Resources */,
				D503AB231B06629E000D2E29 /* PSA.jpg in Resources */,
				3FE3C7741AE55DAF002F00F5 /* Brickyard-exterior-signage-0217w-cropped.jpg in Resources */,
				3FF4DE641BC20BF8007FC814 /* ECF-3.jpg in Resources */,
				3FF4DE6E1BC20BF8007FC814 /* NOBLE-3.jpg in Resources */,
				3FFD9FF61B9F98E40021A1E2 /* GoogleMaps.bundle in Resources */,
				D503AB2F1B066779000D2E29 /* Math Center.jpg in Resources */,
				3FF4DE6D1BC20BF8007FC814 /* NOBLE-2.jpg in Resources */,
				3F4DE0641BEC49F8004E3D9A /* Bookstore.jpg in Resources */,
				D503AB201B065C65000D2E29 /* ECF.jpg in Resources */,
				D5F9D2E21AF498F1001325E7 /* tourTest.gpx in Resources */,
				D503AB291B0666BA000D2E29 /* NOBLE.jpg in Resources */,
				3FF4DE691BC20BF8007FC814 /* ISTB1-2.jpg in Resources */,
				3FF4DE631BC20BF8007FC814 /* ECF-2.jpg in Resources */,
				3FE3C7751AE55DAF002F00F5 /* Brickyard-exterior-signage-0217w.jpg in Resources */,
				D503AB261B066666000D2E29 /* ERC.jpg in Resources */,
			);
			runOnlyForDeploymentPostprocessing = 0;
		};
		3FBC654E1AE45C4B001FDB58 /* Resources */ = {
			isa = PBXResourcesBuildPhase;
			buildActionMask = 2147483647;
			files = (
				D503AB2A1B0666BA000D2E29 /* NOBLE.jpg in Resources */,
				D503AB241B06629E000D2E29 /* PSA.jpg in Resources */,
				D503AB1E1B05DCB6000D2E29 /* ASU-fork-2.png in Resources */,
				D503AB211B065C65000D2E29 /* ECF.jpg in Resources */,
				D503AB421B0675C0000D2E29 /* ECG.jpg in Resources */,
				D503AB2D1B0666ED000D2E29 /* ISTB1.jpg in Resources */,
				D5F9D3131B025A69001325E7 /* ASUTourPoints.json in Resources */,
				D503AB271B066666000D2E29 /* ERC.jpg in Resources */,
				D503AB1B1B05DCAB000D2E29 /* ASU-fork-1.png in Resources */,
				D5F9D2E31AF498F1001325E7 /* tourTest.gpx in Resources */,
				D503AB301B066779000D2E29 /* Math Center.jpg in Resources */,
			);
			runOnlyForDeploymentPostprocessing = 0;
		};
/* End PBXResourcesBuildPhase section */

/* Begin PBXSourcesBuildPhase section */
		3FBC65371AE45C4B001FDB58 /* Sources */ = {
			isa = PBXSourcesBuildPhase;
			buildActionMask = 2147483647;
			files = (
				3FA02A601C057C29001793FC /* TourXMLParser.swift in Sources */,
				3FBC65431AE45C4B001FDB58 /* ViewController.swift in Sources */,
				3F55F2491C053D060041F17C /* FinalViewController.swift in Sources */,
				3FBC65411AE45C4B001FDB58 /* AppDelegate.swift in Sources */,
				3F1465A91BC0D2580000C11D /* VideoViewController.swift in Sources */,
				3FE3C7781AE5AE57002F00F5 /* mainMapViewController.swift in Sources */,
				3FF4DE121BC1D671007FC814 /* PicturesViewController.swift in Sources */,
				D5F9D2E81B00A1C7001325E7 /* tourPoints.swift in Sources */,
				3F6693FD1BE974FE00FF5D7D /* InfoViewController.swift in Sources */,
				3F7BBD8F1AE802D0002B98C0 /* smTourMapViewController.swift in Sources */,
			);
			runOnlyForDeploymentPostprocessing = 0;
		};
		3FBC654C1AE45C4B001FDB58 /* Sources */ = {
			isa = PBXSourcesBuildPhase;
			buildActionMask = 2147483647;
			files = (
				3FBC65571AE45C4B001FDB58 /* ASU_Fulton_Engineering_TourTests.swift in Sources */,
				3FBC65881AE4C6B3001FDB58 /* tourMapViewController.swift in Sources */,
				D5F9D2E91B00A1C7001325E7 /* tourPoints.swift in Sources */,
			);
			runOnlyForDeploymentPostprocessing = 0;
		};
/* End PBXSourcesBuildPhase section */

/* Begin PBXTargetDependency section */
		3FBC65521AE45C4B001FDB58 /* PBXTargetDependency */ = {
			isa = PBXTargetDependency;
			target = 3FBC653A1AE45C4B001FDB58 /* ASU Fulton Engineering Tour */;
			targetProxy = 3FBC65511AE45C4B001FDB58 /* PBXContainerItemProxy */;
		};
/* End PBXTargetDependency section */

/* Begin PBXVariantGroup section */
		3FBC65441AE45C4B001FDB58 /* Main.storyboard */ = {
			isa = PBXVariantGroup;
			children = (
				3FBC65451AE45C4B001FDB58 /* Base */,
			);
			name = Main.storyboard;
			sourceTree = "<group>";
		};
		3FBC65491AE45C4B001FDB58 /* LaunchScreen.xib */ = {
			isa = PBXVariantGroup;
			children = (
				3FBC654A1AE45C4B001FDB58 /* Base */,
			);
			name = LaunchScreen.xib;
			sourceTree = "<group>";
		};
/* End PBXVariantGroup section */

/* Begin XCBuildConfiguration section */
		3FBC65581AE45C4B001FDB58 /* Debug */ = {
			isa = XCBuildConfiguration;
			buildSettings = {
				ALWAYS_SEARCH_USER_PATHS = NO;
				CLANG_CXX_LANGUAGE_STANDARD = "gnu++0x";
				CLANG_CXX_LIBRARY = "libc++";
				CLANG_ENABLE_MODULES = YES;
				CLANG_ENABLE_OBJC_ARC = YES;
				CLANG_WARN_BOOL_CONVERSION = YES;
				CLANG_WARN_CONSTANT_CONVERSION = YES;
				CLANG_WARN_DIRECT_OBJC_ISA_USAGE = YES_ERROR;
				CLANG_WARN_EMPTY_BODY = YES;
				CLANG_WARN_ENUM_CONVERSION = YES;
				CLANG_WARN_INT_CONVERSION = YES;
				CLANG_WARN_OBJC_ROOT_CLASS = YES_ERROR;
				CLANG_WARN_UNREACHABLE_CODE = YES;
				CLANG_WARN__DUPLICATE_METHOD_MATCH = YES;
				"CODE_SIGN_IDENTITY[sdk=iphoneos*]" = "iPhone Developer";
				COPY_PHASE_STRIP = NO;
				ENABLE_STRICT_OBJC_MSGSEND = YES;
				FRAMEWORK_SEARCH_PATHS = "";
				GCC_C_LANGUAGE_STANDARD = gnu99;
				GCC_DYNAMIC_NO_PIC = NO;
				GCC_OPTIMIZATION_LEVEL = 0;
				GCC_PREPROCESSOR_DEFINITIONS = (
					"DEBUG=1",
					"$(inherited)",
				);
				GCC_SYMBOLS_PRIVATE_EXTERN = NO;
				GCC_WARN_64_TO_32_BIT_CONVERSION = YES;
				GCC_WARN_ABOUT_RETURN_TYPE = YES_ERROR;
				GCC_WARN_UNDECLARED_SELECTOR = YES;
				GCC_WARN_UNINITIALIZED_AUTOS = YES_AGGRESSIVE;
				GCC_WARN_UNUSED_FUNCTION = YES;
				GCC_WARN_UNUSED_VARIABLE = YES;
				IPHONEOS_DEPLOYMENT_TARGET = 8.1;
				MTL_ENABLE_DEBUG_INFO = YES;
				ONLY_ACTIVE_ARCH = YES;
				OTHER_LDFLAGS = "-ObjC";
				SDKROOT = iphoneos;
				SWIFT_OBJC_BRIDGING_HEADER = "ASU Fulton Engineering Tour/ASU Fulton Engineering Tour-Bridging-Header.h";
				SWIFT_OPTIMIZATION_LEVEL = "-Onone";
			};
			name = Debug;
		};
		3FBC65591AE45C4B001FDB58 /* Release */ = {
			isa = XCBuildConfiguration;
			buildSettings = {
				ALWAYS_SEARCH_USER_PATHS = NO;
				CLANG_CXX_LANGUAGE_STANDARD = "gnu++0x";
				CLANG_CXX_LIBRARY = "libc++";
				CLANG_ENABLE_MODULES = YES;
				CLANG_ENABLE_OBJC_ARC = YES;
				CLANG_WARN_BOOL_CONVERSION = YES;
				CLANG_WARN_CONSTANT_CONVERSION = YES;
				CLANG_WARN_DIRECT_OBJC_ISA_USAGE = YES_ERROR;
				CLANG_WARN_EMPTY_BODY = YES;
				CLANG_WARN_ENUM_CONVERSION = YES;
				CLANG_WARN_INT_CONVERSION = YES;
				CLANG_WARN_OBJC_ROOT_CLASS = YES_ERROR;
				CLANG_WARN_UNREACHABLE_CODE = YES;
				CLANG_WARN__DUPLICATE_METHOD_MATCH = YES;
				"CODE_SIGN_IDENTITY[sdk=iphoneos*]" = "iPhone Developer";
				COPY_PHASE_STRIP = YES;
				ENABLE_NS_ASSERTIONS = NO;
				ENABLE_STRICT_OBJC_MSGSEND = YES;
				FRAMEWORK_SEARCH_PATHS = "";
				GCC_C_LANGUAGE_STANDARD = gnu99;
				GCC_WARN_64_TO_32_BIT_CONVERSION = YES;
				GCC_WARN_ABOUT_RETURN_TYPE = YES_ERROR;
				GCC_WARN_UNDECLARED_SELECTOR = YES;
				GCC_WARN_UNINITIALIZED_AUTOS = YES_AGGRESSIVE;
				GCC_WARN_UNUSED_FUNCTION = YES;
				GCC_WARN_UNUSED_VARIABLE = YES;
				IPHONEOS_DEPLOYMENT_TARGET = 8.1;
				MTL_ENABLE_DEBUG_INFO = NO;
				OTHER_LDFLAGS = "-ObjC";
				SDKROOT = iphoneos;
				SWIFT_OBJC_BRIDGING_HEADER = "ASU Fulton Engineering Tour/ASU Fulton Engineering Tour-Bridging-Header.h";
				VALIDATE_PRODUCT = YES;
			};
			name = Release;
		};
		3FBC655B1AE45C4B001FDB58 /* Debug */ = {
			isa = XCBuildConfiguration;
			buildSettings = {
				ASSETCATALOG_COMPILER_APPICON_NAME = AppIcon;
				CLANG_ENABLE_MODULES = YES;
				CODE_SIGN_IDENTITY = "iPhone Developer";
				"CODE_SIGN_IDENTITY[sdk=iphoneos*]" = "iPhone Developer";
				FRAMEWORK_SEARCH_PATHS = "$(SRCROOT)";
				INFOPLIST_FILE = "ASU Fulton Engineering Tour/Info.plist";
				LD_RUNPATH_SEARCH_PATHS = "$(inherited) @executable_path/Frameworks";
				PRODUCT_NAME = "$(TARGET_NAME)";
				PROVISIONING_PROFILE = "";
				SWIFT_OBJC_BRIDGING_HEADER = "ASU Fulton Engineering Tour/ASU Fulton Engineering Tour-Bridging-Header.h";
				SWIFT_OPTIMIZATION_LEVEL = "-Onone";
			};
			name = Debug;
		};
		3FBC655C1AE45C4B001FDB58 /* Release */ = {
			isa = XCBuildConfiguration;
			buildSettings = {
				ASSETCATALOG_COMPILER_APPICON_NAME = AppIcon;
				CLANG_ENABLE_MODULES = YES;
				CODE_SIGN_IDENTITY = "iPhone Developer";
				"CODE_SIGN_IDENTITY[sdk=iphoneos*]" = "iPhone Developer";
				FRAMEWORK_SEARCH_PATHS = "$(SRCROOT)";
				INFOPLIST_FILE = "ASU Fulton Engineering Tour/Info.plist";
				LD_RUNPATH_SEARCH_PATHS = "$(inherited) @executable_path/Frameworks";
				PRODUCT_NAME = "$(TARGET_NAME)";
				PROVISIONING_PROFILE = "";
				SWIFT_OBJC_BRIDGING_HEADER = "ASU Fulton Engineering Tour/ASU Fulton Engineering Tour-Bridging-Header.h";
			};
			name = Release;
		};
		3FBC655E1AE45C4B001FDB58 /* Debug */ = {
			isa = XCBuildConfiguration;
			buildSettings = {
				BUNDLE_LOADER = "$(TEST_HOST)";
				CLANG_ENABLE_MODULES = YES;
				DEFINES_MODULE = YES;
				FRAMEWORK_SEARCH_PATHS = (
					"$(SDKROOT)/Developer/Library/Frameworks",
					"$(inherited)",
				);
				GCC_PREPROCESSOR_DEFINITIONS = (
					"DEBUG=1",
					"$(inherited)",
				);
				INFOPLIST_FILE = "ASU Fulton Engineering TourTests/Info.plist";
				LD_RUNPATH_SEARCH_PATHS = "$(inherited) @executable_path/Frameworks @loader_path/Frameworks";
				PRODUCT_NAME = "$(TARGET_NAME)";
				SWIFT_OBJC_BRIDGING_HEADER = "";
				SWIFT_OPTIMIZATION_LEVEL = "-Onone";
				TEST_HOST = "$(BUILT_PRODUCTS_DIR)/ASU Fulton Engineering Tour.app/ASU Fulton Engineering Tour";
			};
			name = Debug;
		};
		3FBC655F1AE45C4B001FDB58 /* Release */ = {
			isa = XCBuildConfiguration;
			buildSettings = {
				BUNDLE_LOADER = "$(TEST_HOST)";
				CLANG_ENABLE_MODULES = YES;
				DEFINES_MODULE = YES;
				FRAMEWORK_SEARCH_PATHS = (
					"$(SDKROOT)/Developer/Library/Frameworks",
					"$(inherited)",
				);
				INFOPLIST_FILE = "ASU Fulton Engineering TourTests/Info.plist";
				LD_RUNPATH_SEARCH_PATHS = "$(inherited) @executable_path/Frameworks @loader_path/Frameworks";
				PRODUCT_NAME = "$(TARGET_NAME)";
				SWIFT_OBJC_BRIDGING_HEADER = "";
				TEST_HOST = "$(BUILT_PRODUCTS_DIR)/ASU Fulton Engineering Tour.app/ASU Fulton Engineering Tour";
			};
			name = Release;
		};
/* End XCBuildConfiguration section */

/* Begin XCConfigurationList section */
		3FBC65361AE45C4B001FDB58 /* Build configuration list for PBXProject "ASU Fulton Engineering Tour" */ = {
			isa = XCConfigurationList;
			buildConfigurations = (
				3FBC65581AE45C4B001FDB58 /* Debug */,
				3FBC65591AE45C4B001FDB58 /* Release */,
			);
			defaultConfigurationIsVisible = 0;
			defaultConfigurationName = Release;
		};
		3FBC655A1AE45C4B001FDB58 /* Build configuration list for PBXNativeTarget "ASU Fulton Engineering Tour" */ = {
			isa = XCConfigurationList;
			buildConfigurations = (
				3FBC655B1AE45C4B001FDB58 /* Debug */,
				3FBC655C1AE45C4B001FDB58 /* Release */,
			);
			defaultConfigurationIsVisible = 0;
			defaultConfigurationName = Release;
		};
		3FBC655D1AE45C4B001FDB58 /* Build configuration list for PBXNativeTarget "ASU Fulton Engineering TourTests" */ = {
			isa = XCConfigurationList;
			buildConfigurations = (
				3FBC655E1AE45C4B001FDB58 /* Debug */,
				3FBC655F1AE45C4B001FDB58 /* Release */,
			);
			defaultConfigurationIsVisible = 0;
			defaultConfigurationName = Release;
		};
/* End XCConfigurationList section */
	};
	rootObject = 3FBC65331AE45C4B001FDB58 /* Project object */;
}
